# Lockfile v4
# This file is automatically generated by Wapm.
# It is not intended for manual editing. The schema of this file may change.
[modules.crazy-factory."1.0.0".crazy-factory]
name = "crazy-factory"
package_version = "1.0.0"
package_name = "crazy-factory"
package_path = "crazy-factory@1.0.0"
resolved = "local"
resolved_source = "local"
abi = "wasm4"
source = "build/cart.wasm"
[commands.play]
name = "play"
package_name = "crazy-factory"
package_version = "1.0.0"
module = "crazy-factory"
is_top_level_dependency = true
